
Microsoft Visual Studio Solution File, Format Version 12.00
# Visual Studio Version 17
VisualStudioVersion = 17.4.33213.308
MinimumVisualStudioVersion = 10.0.40219.1
Project("{FAE04EC0-301F-11D3-BF4B-00C04F79EFBC}") = "PokemonReviewsApp", "PokemonReviewsApp\PokemonReviewsApp.csproj", "{012BD67B-1F24-498C-98DB-B0CDA4FA9B0F}"
EndProject
Global
	GlobalSection(SolutionConfigurationPlatforms) = preSolution
		Debug|Any CPU = Debug|Any CPU
		Release|Any CPU = Release|Any CPU
	EndGlobalSection
	GlobalSection(ProjectConfigurationPlatforms) = postSolution
		{012BD67B-1F24-498C-98DB-B0CDA4FA9B0F}.Debug|Any CPU.ActiveCfg = Debug|Any CPU
		{012BD67B-1F24-498C-98DB-B0CDA4FA9B0F}.Debug|Any CPU.Build.0 = Debug|Any CPU
		{012BD67B-1F24-498C-98DB-B0CDA4FA9B0F}.Release|Any CPU.ActiveCfg = Release|Any CPU
		{012BD67B-1F24-498C-98DB-B0CDA4FA9B0F}.Release|Any CPU.Build.0 = Release|Any CPU
	EndGlobalSection
	GlobalSection(SolutionProperties) = preSolution
		HideSolutionNode = FALSE
	EndGlobalSection
	GlobalSection(ExtensibilityGlobals) = postSolution
		SolutionGuid = {84AEFF83-8BC5-4BF9-B765-A5B8A6C1C078}
	EndGlobalSection
EndGlobal
